
Microsoft Visual Studio Solution File, Format Version 12.00
# Visual Studio Version 16
VisualStudioVersion = 16.0.30002.166
MinimumVisualStudioVersion = 10.0.40219.1
Project("{9A19103F-16F7-4668-BE54-9A1E7A4F7556}") = "BeatSaberModdingTools.Tasks", "BeatSaberModdingTools.Tasks\BeatSaberModdingTools.Tasks.csproj", "{69AE3C08-79E4-4AE8-A9BA-B580AA45F50C}"
EndProject
Project("{9A19103F-16F7-4668-BE54-9A1E7A4F7556}") = "BSMTTasks_UnitTests", "BSMTTasks_UnitTests\BSMTTasks_UnitTests.csproj", "{B571D342-4BCA-4DEB-9223-27110B27FCF7}"
EndProject
Project("{2150E333-8FDC-42A3-9474-1A3956D46DE8}") = "Solution Items", "Solution Items", "{38C1D221-D076-43EA-8C3B-373BC7635847}"
	ProjectSection(SolutionItems) = preProject
		.editorconfig = .editorconfig
		README.md = README.md
	EndProjectSection
EndProject
Project("{9A19103F-16F7-4668-BE54-9A1E7A4F7556}") = "TestProject", "TestProject\TestProject.csproj", "{FF151AEE-8390-4DE3-BCFA-47F6F0842E3E}"
	ProjectSection(ProjectDependencies) = postProject
		{69AE3C08-79E4-4AE8-A9BA-B580AA45F50C} = {69AE3C08-79E4-4AE8-A9BA-B580AA45F50C}
	EndProjectSection
EndProject
Project("{9A19103F-16F7-4668-BE54-9A1E7A4F7556}") = "TestProjectRunner", "TestProjectRunner\TestProjectRunner.csproj", "{A7D53671-3028-4693-9B60-744249B4A0DF}"
EndProject
Project("{2150E333-8FDC-42A3-9474-1A3956D46DE8}") = "TestSetup", "TestSetup", "{EDE492B1-777F-4ECC-98E5-9618942F3B91}"
	ProjectSection(SolutionItems) = preProject
		TestProject\Directory.Build.props = TestProject\Directory.Build.props
		TestProject\Directory.Build.targets = TestProject\Directory.Build.targets
	EndProjectSection
EndProject
Global
	GlobalSection(SolutionConfigurationPlatforms) = preSolution
		Debug|Any CPU = Debug|Any CPU
		Release|Any CPU = Release|Any CPU
	EndGlobalSection
	GlobalSection(ProjectConfigurationPlatforms) = postSolution
		{69AE3C08-79E4-4AE8-A9BA-B580AA45F50C}.Debug|Any CPU.ActiveCfg = Debug|Any CPU
		{69AE3C08-79E4-4AE8-A9BA-B580AA45F50C}.Debug|Any CPU.Build.0 = Debug|Any CPU
		{69AE3C08-79E4-4AE8-A9BA-B580AA45F50C}.Release|Any CPU.ActiveCfg = Release|Any CPU
		{69AE3C08-79E4-4AE8-A9BA-B580AA45F50C}.Release|Any CPU.Build.0 = Release|Any CPU
		{B571D342-4BCA-4DEB-9223-27110B27FCF7}.Debug|Any CPU.ActiveCfg = Debug|Any CPU
		{B571D342-4BCA-4DEB-9223-27110B27FCF7}.Debug|Any CPU.Build.0 = Debug|Any CPU
		{B571D342-4BCA-4DEB-9223-27110B27FCF7}.Release|Any CPU.ActiveCfg = Release|Any CPU
		{B571D342-4BCA-4DEB-9223-27110B27FCF7}.Release|Any CPU.Build.0 = Release|Any CPU
		{FF151AEE-8390-4DE3-BCFA-47F6F0842E3E}.Debug|Any CPU.ActiveCfg = Debug|Any CPU
		{FF151AEE-8390-4DE3-BCFA-47F6F0842E3E}.Release|Any CPU.ActiveCfg = Release|Any CPU
		{A7D53671-3028-4693-9B60-744249B4A0DF}.Debug|Any CPU.ActiveCfg = Debug|Any CPU
		{A7D53671-3028-4693-9B60-744249B4A0DF}.Release|Any CPU.ActiveCfg = Release|Any CPU
	EndGlobalSection
	GlobalSection(SolutionProperties) = preSolution
		HideSolutionNode = FALSE
	EndGlobalSection
	GlobalSection(ExtensibilityGlobals) = postSolution
		SolutionGuid = {3416F2CE-F103-4734-83D8-D0A53426E378}
	EndGlobalSection
EndGlobal
