
Microsoft Visual Studio Solution File, Format Version 12.00
# Visual Studio Version 16
VisualStudioVersion = 16.0.30002.166
MinimumVisualStudioVersion = 10.0.40219.1
Project("{9A19103F-16F7-4668-BE54-9A1E7A4F7556}") = "BeatSaberModdingTools.Tasks", "BSMTTasks\BeatSaberModdingTools.Tasks.csproj", "{69AE3C08-79E4-4AE8-A9BA-B580AA45F50C}"
EndProject
Project("{9A19103F-16F7-4668-BE54-9A1E7A4F7556}") = "BSMTTasks_UnitTests", "BSMTTasks_UnitTests\BSMTTasks_UnitTests.csproj", "{B571D342-4BCA-4DEB-9223-27110B27FCF7}"
EndProject
Global
	GlobalSection(SolutionConfigurationPlatforms) = preSolution
		Debug|Any CPU = Debug|Any CPU
		Release|Any CPU = Release|Any CPU
	EndGlobalSection
	GlobalSection(ProjectConfigurationPlatforms) = postSolution
		{69AE3C08-79E4-4AE8-A9BA-B580AA45F50C}.Debug|Any CPU.ActiveCfg = Debug|Any CPU
		{69AE3C08-79E4-4AE8-A9BA-B580AA45F50C}.Debug|Any CPU.Build.0 = Debug|Any CPU
		{69AE3C08-79E4-4AE8-A9BA-B580AA45F50C}.Release|Any CPU.ActiveCfg = Release|Any CPU
		{69AE3C08-79E4-4AE8-A9BA-B580AA45F50C}.Release|Any CPU.Build.0 = Release|Any CPU
		{B571D342-4BCA-4DEB-9223-27110B27FCF7}.Debug|Any CPU.ActiveCfg = Debug|Any CPU
		{B571D342-4BCA-4DEB-9223-27110B27FCF7}.Debug|Any CPU.Build.0 = Debug|Any CPU
		{B571D342-4BCA-4DEB-9223-27110B27FCF7}.Release|Any CPU.ActiveCfg = Release|Any CPU
		{B571D342-4BCA-4DEB-9223-27110B27FCF7}.Release|Any CPU.Build.0 = Release|Any CPU
	EndGlobalSection
	GlobalSection(SolutionProperties) = preSolution
		HideSolutionNode = FALSE
	EndGlobalSection
	GlobalSection(ExtensibilityGlobals) = postSolution
		SolutionGuid = {3416F2CE-F103-4734-83D8-D0A53426E378}
	EndGlobalSection
EndGlobal
